
Microsoft Visual Studio Solution File, Format Version 12.00
# Visual Studio Version 17
VisualStudioVersion = 17.0.32014.148
MinimumVisualStudioVersion = 10.0.40219.1
Project("{FAE04EC0-301F-11D3-BF4B-00C04F79EFBC}") = "domiExec", "domiExec.csproj", "{D7FC2AD2-5008-4E1C-893E-260C6F7FF03C}"
EndProject
Global
	GlobalSection(SolutionConfigurationPlatforms) = preSolution
		Debug|Any CPU = Debug|Any CPU
		Release|Any CPU = Release|Any CPU
	EndGlobalSection
	GlobalSection(ProjectConfigurationPlatforms) = postSolution
		{D7FC2AD2-5008-4E1C-893E-260C6F7FF03C}.Debug|Any CPU.ActiveCfg = Debug|Any CPU
		{D7FC2AD2-5008-4E1C-893E-260C6F7FF03C}.Debug|Any CPU.Build.0 = Debug|Any CPU
		{D7FC2AD2-5008-4E1C-893E-260C6F7FF03C}.Release|Any CPU.ActiveCfg = Release|Any CPU
		{D7FC2AD2-5008-4E1C-893E-260C6F7FF03C}.Release|Any CPU.Build.0 = Release|Any CPU
	EndGlobalSection
	GlobalSection(SolutionProperties) = preSolution
		HideSolutionNode = FALSE
	EndGlobalSection
	GlobalSection(ExtensibilityGlobals) = postSolution
		SolutionGuid = {2F91494B-DAD4-411F-9A60-DDE60B704547}
	EndGlobalSection
EndGlobal
